
Microsoft Visual Studio Solution File, Format Version 12.00
# Visual Studio Version 16
VisualStudioVersion = 16.0.30104.148
MinimumVisualStudioVersion = 10.0.40219.1
Project("{FAE04EC0-301F-11D3-BF4B-00C04F79EFBC}") = "APO", "APO\APO.csproj", "{AEA1B549-524F-4B37-B71E-F531365DC38E}"
EndProject
Global
	GlobalSection(SolutionConfigurationPlatforms) = preSolution
		Debug|Any CPU = Debug|Any CPU
		Release|Any CPU = Release|Any CPU
	EndGlobalSection
	GlobalSection(ProjectConfigurationPlatforms) = postSolution
		{AEA1B549-524F-4B37-B71E-F531365DC38E}.Debug|Any CPU.ActiveCfg = Debug|Any CPU
		{AEA1B549-524F-4B37-B71E-F531365DC38E}.Debug|Any CPU.Build.0 = Debug|Any CPU
		{AEA1B549-524F-4B37-B71E-F531365DC38E}.Release|Any CPU.ActiveCfg = Release|Any CPU
		{AEA1B549-524F-4B37-B71E-F531365DC38E}.Release|Any CPU.Build.0 = Release|Any CPU
	EndGlobalSection
	GlobalSection(SolutionProperties) = preSolution
		HideSolutionNode = FALSE
	EndGlobalSection
	GlobalSection(ExtensibilityGlobals) = postSolution
		SolutionGuid = {DEE72E19-8A42-4CCA-8112-30EE0421D281}
	EndGlobalSection
EndGlobal
